PODS:
  - BrightFutures (8.0.0)
  - KYShutterButton (2.0.1)

DEPENDENCIES:
  - BrightFutures
  - KYShutterButton

SPEC REPOS:
  trunk:
    - BrightFutures
    - KYShutterButton

SPEC CHECKSUMS:
  BrightFutures: f8427b46feabaf73c5e71ace7d86d65dfbb47696
  KYShutterButton: 794612eedc2ee75114326f7394703f0f49bf0882

PODFILE CHECKSUM: 48cc901ef8e7479dc0019fad2a13b5419399e142

COCOAPODS: 1.9.1
