PODS:
  - BrightFutures (8.0.0)
  - KYShutterButton (2.0.1)

DEPENDENCIES:
  - BrightFutures
  - KYShutterButton

SPEC REPOS:
  trunk:
    - BrightFutures
    - KYShutterButton

SPEC CHECKSUMS:
  BrightFutures: f8427b46feabaf73c5e71ace7d86d65dfbb47696
  KYShutterButton: 794612eedc2ee75114326f7394703f0f49bf0882

PODFILE CHECKSUM: 1a98e6a9848410b36d867c5660fa0e529f2e574c

COCOAPODS: 1.10.0
