// !$*UTF8*$!
{
	archiveVersion = 1;
	classes = {
	};
	objectVersion = 51;
	objects = {

/* Begin PBXBuildFile section */
		1B8E76A00B21E412211108D5 /* Pods_Coronation.framework in Frameworks */ = {isa = PBXBuildFile; fileRef = B38237FD79DE22B44C4CE27B /* Pods_Coronation.framework */; };
		2C91CFE3662254E749A3B99C /* Pods_Coronation_Messages.framework in Frameworks */ = {isa = PBXBuildFile; fileRef = D67456BFB7C726D5BBE14869 /* Pods_Coronation_Messages.framework */; };
		7F15D6BA245A1A9A001949EA /* Assets.xcassets in Resources */ = {isa = PBXBuildFile; fileRef = 7F15D6B9245A1A9A001949EA /* Assets.xcassets */; };
		7F15D6C1245A1A9A001949EA /* Coronation.appex in Embed App Extensions */ = {isa = PBXBuildFile; fileRef = 7F15D6C0245A1A9A001949EA /* Coronation.appex */; settings = {ATTRIBUTES = (RemoveHeadersOnCopy, ); }; };
		7F15D6C6245A1A9A001949EA /* Messages.framework in Frameworks */ = {isa = PBXBuildFile; fileRef = 7F15D6C5245A1A9A001949EA /* Messages.framework */; };
		7F15D709245A1AE5001949EA /* MessagesViewModel.swift in Sources */ = {isa = PBXBuildFile; fileRef = 7F15D6DD245A1AE4001949EA /* MessagesViewModel.swift */; };
		7F15D70A245A1AE5001949EA /* Options.swift in Sources */ = {isa = PBXBuildFile; fileRef = 7F15D6DF245A1AE4001949EA /* Options.swift */; };
		7F15D70B245A1AE5001949EA /* FileController.swift in Sources */ = {isa = PBXBuildFile; fileRef = 7F15D6E0245A1AE4001949EA /* FileController.swift */; };
		7F15D70C245A1AE5001949EA /* Error.swift in Sources */ = {isa = PBXBuildFile; fileRef = 7F15D6E1245A1AE4001949EA /* Error.swift */; };
		7F15D70D245A1AE5001949EA /* SceneKitVideoRecorder.swift in Sources */ = {isa = PBXBuildFile; fileRef = 7F15D6E2245A1AE4001949EA /* SceneKitVideoRecorder.swift */; };
		7F15D70E245A1AE5001949EA /* PixelBufferFactory.swift in Sources */ = {isa = PBXBuildFile; fileRef = 7F15D6E3245A1AE4001949EA /* PixelBufferFactory.swift */; };
		7F15D70F245A1AE5001949EA /* PickerView.swift in Sources */ = {isa = PBXBuildFile; fileRef = 7F15D6E5245A1AE4001949EA /* PickerView.swift */; };
		7F15D710245A1AE5001949EA /* ModelFactory.swift in Sources */ = {isa = PBXBuildFile; fileRef = 7F15D6E6245A1AE4001949EA /* ModelFactory.swift */; };
		7F15D711245A1AE5001949EA /* Extensions.swift in Sources */ = {isa = PBXBuildFile; fileRef = 7F15D6E7245A1AE4001949EA /* Extensions.swift */; };
		7F15D712245A1AE5001949EA /* Reachability.swift in Sources */ = {isa = PBXBuildFile; fileRef = 7F15D6E8245A1AE4001949EA /* Reachability.swift */; };
		7F15D713245A1AE5001949EA /* AVPlayerView.swift in Sources */ = {isa = PBXBuildFile; fileRef = 7F15D6E9245A1AE4001949EA /* AVPlayerView.swift */; };
		7F15D714245A1AE5001949EA /* PhotosUtil.swift in Sources */ = {isa = PBXBuildFile; fileRef = 7F15D6EB245A1AE4001949EA /* PhotosUtil.swift */; };
		7F15D715245A1AE5001949EA /* Logger.swift in Sources */ = {isa = PBXBuildFile; fileRef = 7F15D6EC245A1AE4001949EA /* Logger.swift */; };
		7F15D716245A1AE5001949EA /* UIImage+VideoRender.swift in Sources */ = {isa = PBXBuildFile; fileRef = 7F15D6ED245A1AE4001949EA /* UIImage+VideoRender.swift */; };
		7F15D717245A1AE5001949EA /* FileUtil.swift in Sources */ = {isa = PBXBuildFile; fileRef = 7F15D6EE245A1AE4001949EA /* FileUtil.swift */; };
		7F15D718245A1AE5001949EA /* CollectionViewCell.xib in Resources */ = {isa = PBXBuildFile; fileRef = 7F15D6EF245A1AE4001949EA /* CollectionViewCell.xib */; };
		7F15D719245A1AE5001949EA /* CustomOverlayModel.swift in Sources */ = {isa = PBXBuildFile; fileRef = 7F15D6F2245A1AE5001949EA /* CustomOverlayModel.swift */; };
		7F15D71A245A1AE5001949EA /* VirtualFaceContent.swift in Sources */ = {isa = PBXBuildFile; fileRef = 7F15D6F3245A1AE5001949EA /* VirtualFaceContent.swift */; };
		7F15D71C245A1AE5001949EA /* VirtualContentUpdater.swift in Sources */ = {isa = PBXBuildFile; fileRef = 7F15D6F5245A1AE5001949EA /* VirtualContentUpdater.swift */; };
		7F15D71D245A1AE5001949EA /* CustomModel.swift in Sources */ = {isa = PBXBuildFile; fileRef = 7F15D6F6245A1AE5001949EA /* CustomModel.swift */; };
		7F15D71E245A1AE5001949EA /* VirtualContentType.swift in Sources */ = {isa = PBXBuildFile; fileRef = 7F15D6F8245A1AE5001949EA /* VirtualContentType.swift */; };
		7F15D71F245A1AE5001949EA /* ContentSelectionController.swift in Sources */ = {isa = PBXBuildFile; fileRef = 7F15D6F9245A1AE5001949EA /* ContentSelectionController.swift */; };
		7F15D720245A1AE5001949EA /* UnsupportedDeviceMessageViewController.swift in Sources */ = {isa = PBXBuildFile; fileRef = 7F15D6FB245A1AE5001949EA /* UnsupportedDeviceMessageViewController.swift */; };
		7F15D721245A1AE5001949EA /* MessagesViewController.swift in Sources */ = {isa = PBXBuildFile; fileRef = 7F15D6FC245A1AE5001949EA /* MessagesViewController.swift */; };
		7F15D722245A1AE5001949EA /* StatusViewController.swift in Sources */ = {isa = PBXBuildFile; fileRef = 7F15D6FD245A1AE5001949EA /* StatusViewController.swift */; };
		7F15D723245A1AE5001949EA /* Constants.swift in Sources */ = {isa = PBXBuildFile; fileRef = 7F15D6FF245A1AE5001949EA /* Constants.swift */; };
		7F15D724245A1AE5001949EA /* MyCollectionViewCell.swift in Sources */ = {isa = PBXBuildFile; fileRef = 7F15D701245A1AE5001949EA /* MyCollectionViewCell.swift */; };
		7F15D725245A1AE5001949EA /* MainInterface.storyboard in Resources */ = {isa = PBXBuildFile; fileRef = 7F15D703245A1AE5001949EA /* MainInterface.storyboard */; };
		7F15D726245A1AE5001949EA /* Assets.xcassets in Resources */ = {isa = PBXBuildFile; fileRef = 7F15D705245A1AE5001949EA /* Assets.xcassets */; };
		7F15D727245A1AE5001949EA /* Models.scnassets in Resources */ = {isa = PBXBuildFile; fileRef = 7F15D706245A1AE5001949EA /* Models.scnassets */; };
/* End PBXBuildFile section */

/* Begin PBXContainerItemProxy section */
		7F15D6C2245A1A9A001949EA /* PBXContainerItemProxy */ = {
			isa = PBXContainerItemProxy;
			containerPortal = 7F15D6B0245A1A98001949EA /* Project object */;
			proxyType = 1;
			remoteGlobalIDString = 7F15D6BF245A1A9A001949EA;
			remoteInfo = "KingKingKing MessagesExtension";
		};
/* End PBXContainerItemProxy section */

/* Begin PBXCopyFilesBuildPhase section */
		7F15D6D5245A1A9C001949EA /* Embed App Extensions */ = {
			isa = PBXCopyFilesBuildPhase;
			buildActionMask = 2147483647;
			dstPath = "";
			dstSubfolderSpec = 13;
			files = (
				7F15D6C1245A1A9A001949EA /* Coronation.appex in Embed App Extensions */,
			);
			name = "Embed App Extensions";
			runOnlyForDeploymentPostprocessing = 0;
		};
/* End PBXCopyFilesBuildPhase section */

/* Begin PBXFileReference section */
		0343762496202A29EA8411ED /* Pods-Coronation.debug.xcconfig */ = {isa = PBXFileReference; includeInIndex = 1; lastKnownFileType = text.xcconfig; name = "Pods-Coronation.debug.xcconfig"; path = "Target Support Files/Pods-Coronation/Pods-Coronation.debug.xcconfig"; sourceTree = "<group>"; };
		4D10F5F74AE28CA0B81614F9 /* Pods-Coronation Messages.debug.xcconfig */ = {isa = PBXFileReference; includeInIndex = 1; lastKnownFileType = text.xcconfig; name = "Pods-Coronation Messages.debug.xcconfig"; path = "Target Support Files/Pods-Coronation Messages/Pods-Coronation Messages.debug.xcconfig"; sourceTree = "<group>"; };
		7F15D6B6245A1A98001949EA /* Coronation.app */ = {isa = PBXFileReference; explicitFileType = wrapper.application; includeInIndex = 0; path = Coronation.app; sourceTree = BUILT_PRODUCTS_DIR; };
		7F15D6B9245A1A9A001949EA /* Assets.xcassets */ = {isa = PBXFileReference; lastKnownFileType = folder.assetcatalog; path = Assets.xcassets; sourceTree = "<group>"; };
		7F15D6BB245A1A9A001949EA /* Info.plist */ = {isa = PBXFileReference; lastKnownFileType = text.plist.xml; path = Info.plist; sourceTree = "<group>"; };
		7F15D6C0245A1A9A001949EA /* Coronation.appex */ = {isa = PBXFileReference; explicitFileType = "wrapper.app-extension"; includeInIndex = 0; path = Coronation.appex; sourceTree = BUILT_PRODUCTS_DIR; };
		7F15D6C5245A1A9A001949EA /* Messages.framework */ = {isa = PBXFileReference; lastKnownFileType = wrapper.framework; name = Messages.framework; path = System/Library/Frameworks/Messages.framework; sourceTree = SDKROOT; };
		7F15D6DA245A1AE4001949EA /* Info.plist */ = {isa = PBXFileReference; fileEncoding = 4; lastKnownFileType = text.plist.xml; path = Info.plist; sourceTree = "<group>"; };
		7F15D6DD245A1AE4001949EA /* MessagesViewModel.swift */ = {isa = PBXFileReference; fileEncoding = 4; lastKnownFileType = sourcecode.swift; path = MessagesViewModel.swift; sourceTree = "<group>"; };
		7F15D6DF245A1AE4001949EA /* Options.swift */ = {isa = PBXFileReference; fileEncoding = 4; lastKnownFileType = sourcecode.swift; path = Options.swift; sourceTree = "<group>"; };
		7F15D6E0245A1AE4001949EA /* FileController.swift */ = {isa = PBXFileReference; fileEncoding = 4; lastKnownFileType = sourcecode.swift; path = FileController.swift; sourceTree = "<group>"; };
		7F15D6E1245A1AE4001949EA /* Error.swift */ = {isa = PBXFileReference; fileEncoding = 4; lastKnownFileType = sourcecode.swift; path = Error.swift; sourceTree = "<group>"; };
		7F15D6E2245A1AE4001949EA /* SceneKitVideoRecorder.swift */ = {isa = PBXFileReference; fileEncoding = 4; lastKnownFileType = sourcecode.swift; path = SceneKitVideoRecorder.swift; sourceTree = "<group>"; };
		7F15D6E3245A1AE4001949EA /* PixelBufferFactory.swift */ = {isa = PBXFileReference; fileEncoding = 4; lastKnownFileType = sourcecode.swift; path = PixelBufferFactory.swift; sourceTree = "<group>"; };
		7F15D6E5245A1AE4001949EA /* PickerView.swift */ = {isa = PBXFileReference; fileEncoding = 4; lastKnownFileType = sourcecode.swift; path = PickerView.swift; sourceTree = "<group>"; };
		7F15D6E6245A1AE4001949EA /* ModelFactory.swift */ = {isa = PBXFileReference; fileEncoding = 4; lastKnownFileType = sourcecode.swift; path = ModelFactory.swift; sourceTree = "<group>"; };
		7F15D6E7245A1AE4001949EA /* Extensions.swift */ = {isa = PBXFileReference; fileEncoding = 4; lastKnownFileType = sourcecode.swift; path = Extensions.swift; sourceTree = "<group>"; };
		7F15D6E8245A1AE4001949EA /* Reachability.swift */ = {isa = PBXFileReference; fileEncoding = 4; lastKnownFileType = sourcecode.swift; path = Reachability.swift; sourceTree = "<group>"; };
		7F15D6E9245A1AE4001949EA /* AVPlayerView.swift */ = {isa = PBXFileReference; fileEncoding = 4; lastKnownFileType = sourcecode.swift; path = AVPlayerView.swift; sourceTree = "<group>"; };
		7F15D6EB245A1AE4001949EA /* PhotosUtil.swift */ = {isa = PBXFileReference; fileEncoding = 4; lastKnownFileType = sourcecode.swift; path = PhotosUtil.swift; sourceTree = "<group>"; };
		7F15D6EC245A1AE4001949EA /* Logger.swift */ = {isa = PBXFileReference; fileEncoding = 4; lastKnownFileType = sourcecode.swift; path = Logger.swift; sourceTree = "<group>"; };
		7F15D6ED245A1AE4001949EA /* UIImage+VideoRender.swift */ = {isa = PBXFileReference; fileEncoding = 4; lastKnownFileType = sourcecode.swift; path = "UIImage+VideoRender.swift"; sourceTree = "<group>"; };
		7F15D6EE245A1AE4001949EA /* FileUtil.swift */ = {isa = PBXFileReference; fileEncoding = 4; lastKnownFileType = sourcecode.swift; path = FileUtil.swift; sourceTree = "<group>"; };
		7F15D6F0245A1AE4001949EA /* Base */ = {isa = PBXFileReference; lastKnownFileType = file.xib; name = Base; path = Base.lproj/CollectionViewCell.xib; sourceTree = "<group>"; };
		7F15D6F2245A1AE5001949EA /* CustomOverlayModel.swift */ = {isa = PBXFileReference; fileEncoding = 4; lastKnownFileType = sourcecode.swift; path = CustomOverlayModel.swift; sourceTree = "<group>"; };
		7F15D6F3245A1AE5001949EA /* VirtualFaceContent.swift */ = {isa = PBXFileReference; fileEncoding = 4; lastKnownFileType = sourcecode.swift; path = VirtualFaceContent.swift; sourceTree = "<group>"; };
		7F15D6F5245A1AE5001949EA /* VirtualContentUpdater.swift */ = {isa = PBXFileReference; fileEncoding = 4; lastKnownFileType = sourcecode.swift; path = VirtualContentUpdater.swift; sourceTree = "<group>"; };
		7F15D6F6245A1AE5001949EA /* CustomModel.swift */ = {isa = PBXFileReference; fileEncoding = 4; lastKnownFileType = sourcecode.swift; path = CustomModel.swift; sourceTree = "<group>"; };
		7F15D6F8245A1AE5001949EA /* VirtualContentType.swift */ = {isa = PBXFileReference; fileEncoding = 4; lastKnownFileType = sourcecode.swift; path = VirtualContentType.swift; sourceTree = "<group>"; };
		7F15D6F9245A1AE5001949EA /* ContentSelectionController.swift */ = {isa = PBXFileReference; fileEncoding = 4; lastKnownFileType = sourcecode.swift; path = ContentSelectionController.swift; sourceTree = "<group>"; };
		7F15D6FB245A1AE5001949EA /* UnsupportedDeviceMessageViewController.swift */ = {isa = PBXFileReference; fileEncoding = 4; lastKnownFileType = sourcecode.swift; path = UnsupportedDeviceMessageViewController.swift; sourceTree = "<group>"; };
		7F15D6FC245A1AE5001949EA /* MessagesViewController.swift */ = {isa = PBXFileReference; fileEncoding = 4; lastKnownFileType = sourcecode.swift; path = MessagesViewController.swift; sourceTree = "<group>"; };
		7F15D6FD245A1AE5001949EA /* StatusViewController.swift */ = {isa = PBXFileReference; fileEncoding = 4; lastKnownFileType = sourcecode.swift; path = StatusViewController.swift; sourceTree = "<group>"; };
		7F15D6FF245A1AE5001949EA /* Constants.swift */ = {isa = PBXFileReference; fileEncoding = 4; lastKnownFileType = sourcecode.swift; path = Constants.swift; sourceTree = "<group>"; };
		7F15D701245A1AE5001949EA /* MyCollectionViewCell.swift */ = {isa = PBXFileReference; fileEncoding = 4; lastKnownFileType = sourcecode.swift; path = MyCollectionViewCell.swift; sourceTree = "<group>"; };
		7F15D704245A1AE5001949EA /* Base */ = {isa = PBXFileReference; lastKnownFileType = file.storyboard; name = Base; path = MainInterface.storyboard; sourceTree = "<group>"; };
		7F15D705245A1AE5001949EA /* Assets.xcassets */ = {isa = PBXFileReference; lastKnownFileType = folder.assetcatalog; path = Assets.xcassets; sourceTree = "<group>"; };
		7F15D706245A1AE5001949EA /* Models.scnassets */ = {isa = PBXFileReference; lastKnownFileType = wrapper.scnassets; path = Models.scnassets; sourceTree = "<group>"; };
		B38237FD79DE22B44C4CE27B /* Pods_Coronation.framework */ = {isa = PBXFileReference; explicitFileType = wrapper.framework; includeInIndex = 0; path = Pods_Coronation.framework; sourceTree = BUILT_PRODUCTS_DIR; };
		B704DB11BD1131A9DB9B9661 /* Pods-Coronation.release.xcconfig */ = {isa = PBXFileReference; includeInIndex = 1; lastKnownFileType = text.xcconfig; name = "Pods-Coronation.release.xcconfig"; path = "Target Support Files/Pods-Coronation/Pods-Coronation.release.xcconfig"; sourceTree = "<group>"; };
		D67456BFB7C726D5BBE14869 /* Pods_Coronation_Messages.framework */ = {isa = PBXFileReference; explicitFileType = wrapper.framework; includeInIndex = 0; path = Pods_Coronation_Messages.framework; sourceTree = BUILT_PRODUCTS_DIR; };
		F24FD0EFD8734F0591032372 /* Pods-Coronation Messages.release.xcconfig */ = {isa = PBXFileReference; includeInIndex = 1; lastKnownFileType = text.xcconfig; name = "Pods-Coronation Messages.release.xcconfig"; path = "Target Support Files/Pods-Coronation Messages/Pods-Coronation Messages.release.xcconfig"; sourceTree = "<group>"; };
/* End PBXFileReference section */

/* Begin PBXFrameworksBuildPhase section */
		7F15D6BD245A1A9A001949EA /* Frameworks */ = {
			isa = PBXFrameworksBuildPhase;
			buildActionMask = 2147483647;
			files = (
				7F15D6C6245A1A9A001949EA /* Messages.framework in Frameworks */,
				2C91CFE3662254E749A3B99C /* Pods_Coronation_Messages.framework in Frameworks */,
			);
			runOnlyForDeploymentPostprocessing = 0;
		};
		864220C635DB7357605AFD44 /* Frameworks */ = {
			isa = PBXFrameworksBuildPhase;
			buildActionMask = 2147483647;
			files = (
				1B8E76A00B21E412211108D5 /* Pods_Coronation.framework in Frameworks */,
			);
			runOnlyForDeploymentPostprocessing = 0;
		};
/* End PBXFrameworksBuildPhase section */

/* Begin PBXGroup section */
		7F15D6AF245A1A98001949EA = {
			isa = PBXGroup;
			children = (
				7F15D6B8245A1A98001949EA /* Coronation */,
				7F15D6C7245A1A9A001949EA /* Coronation Messages */,
				7F15D6C4245A1A9A001949EA /* Frameworks */,
				7F15D6B7245A1A98001949EA /* Products */,
				C3914BE8B17F97B25A298E2F /* Pods */,
			);
			sourceTree = "<group>";
		};
		7F15D6B7245A1A98001949EA /* Products */ = {
			isa = PBXGroup;
			children = (
				7F15D6B6245A1A98001949EA /* Coronation.app */,
				7F15D6C0245A1A9A001949EA /* Coronation.appex */,
			);
			name = Products;
			sourceTree = "<group>";
		};
		7F15D6B8245A1A98001949EA /* Coronation */ = {
			isa = PBXGroup;
			children = (
				7F15D6B9245A1A9A001949EA /* Assets.xcassets */,
				7F15D6BB245A1A9A001949EA /* Info.plist */,
			);
			path = Coronation;
			sourceTree = "<group>";
		};
		7F15D6C4245A1A9A001949EA /* Frameworks */ = {
			isa = PBXGroup;
			children = (
				7F15D6C5245A1A9A001949EA /* Messages.framework */,
				B38237FD79DE22B44C4CE27B /* Pods_Coronation.framework */,
				D67456BFB7C726D5BBE14869 /* Pods_Coronation_Messages.framework */,
			);
			name = Frameworks;
			sourceTree = "<group>";
		};
		7F15D6C7245A1A9A001949EA /* Coronation Messages */ = {
			isa = PBXGroup;
			children = (
				7F15D705245A1AE5001949EA /* Assets.xcassets */,
				7F15D702245A1AE5001949EA /* Base.lproj */,
				7F15D6FE245A1AE5001949EA /* Controllers */,
				7F15D6DA245A1AE4001949EA /* Info.plist */,
				7F15D706245A1AE5001949EA /* Models.scnassets */,
				7F15D6DB245A1AE4001949EA /* Coronation */,
			);
			path = "Coronation Messages";
			sourceTree = "<group>";
		};
		7F15D6DB245A1AE4001949EA /* Coronation */ = {
			isa = PBXGroup;
			children = (
				7F15D6DC245A1AE4001949EA /* ViewModel */,
				7F15D6DE245A1AE4001949EA /* ArkitVideoRenderer */,
				7F15D6E4245A1AE4001949EA /* Util */,
				7F15D6EA245A1AE4001949EA /* VideoRecorder */,
				7F15D6EF245A1AE4001949EA /* CollectionViewCell.xib */,
				7F15D6F1245A1AE4001949EA /* VirtualFaceContent */,
				7F15D6F7245A1AE5001949EA /* Content Selection */,
				7F15D6FA245A1AE5001949EA /* ViewControllers */,
			);
			path = Coronation;
			sourceTree = "<group>";
		};
		7F15D6DC245A1AE4001949EA /* ViewModel */ = {
			isa = PBXGroup;
			children = (
				7F15D6DD245A1AE4001949EA /* MessagesViewModel.swift */,
			);
			path = ViewModel;
			sourceTree = "<group>";
		};
		7F15D6DE245A1AE4001949EA /* ArkitVideoRenderer */ = {
			isa = PBXGroup;
			children = (
				7F15D6DF245A1AE4001949EA /* Options.swift */,
				7F15D6E0245A1AE4001949EA /* FileController.swift */,
				7F15D6E1245A1AE4001949EA /* Error.swift */,
				7F15D6E2245A1AE4001949EA /* SceneKitVideoRecorder.swift */,
				7F15D6E3245A1AE4001949EA /* PixelBufferFactory.swift */,
			);
			path = ArkitVideoRenderer;
			sourceTree = "<group>";
		};
		7F15D6E4245A1AE4001949EA /* Util */ = {
			isa = PBXGroup;
			children = (
				7F15D6E5245A1AE4001949EA /* PickerView.swift */,
				7F15D6E6245A1AE4001949EA /* ModelFactory.swift */,
				7F15D6E7245A1AE4001949EA /* Extensions.swift */,
				7F15D6E8245A1AE4001949EA /* Reachability.swift */,
				7F15D6E9245A1AE4001949EA /* AVPlayerView.swift */,
			);
			path = Util;
			sourceTree = "<group>";
		};
		7F15D6EA245A1AE4001949EA /* VideoRecorder */ = {
			isa = PBXGroup;
			children = (
				7F15D6EB245A1AE4001949EA /* PhotosUtil.swift */,
				7F15D6EC245A1AE4001949EA /* Logger.swift */,
				7F15D6ED245A1AE4001949EA /* UIImage+VideoRender.swift */,
				7F15D6EE245A1AE4001949EA /* FileUtil.swift */,
			);
			path = VideoRecorder;
			sourceTree = "<group>";
		};
		7F15D6F1245A1AE4001949EA /* VirtualFaceContent */ = {
			isa = PBXGroup;
			children = (
				7F15D6F2245A1AE5001949EA /* CustomOverlayModel.swift */,
				7F15D6F3245A1AE5001949EA /* VirtualFaceContent.swift */,
				7F15D6F5245A1AE5001949EA /* VirtualContentUpdater.swift */,
				7F15D6F6245A1AE5001949EA /* CustomModel.swift */,
			);
			path = VirtualFaceContent;
			sourceTree = "<group>";
		};
		7F15D6F7245A1AE5001949EA /* Content Selection */ = {
			isa = PBXGroup;
			children = (
				7F15D6F8245A1AE5001949EA /* VirtualContentType.swift */,
				7F15D6F9245A1AE5001949EA /* ContentSelectionController.swift */,
			);
			path = "Content Selection";
			sourceTree = "<group>";
		};
		7F15D6FA245A1AE5001949EA /* ViewControllers */ = {
			isa = PBXGroup;
			children = (
				7F15D6FB245A1AE5001949EA /* UnsupportedDeviceMessageViewController.swift */,
				7F15D6FC245A1AE5001949EA /* MessagesViewController.swift */,
				7F15D6FD245A1AE5001949EA /* StatusViewController.swift */,
			);
			path = ViewControllers;
			sourceTree = "<group>";
		};
		7F15D6FE245A1AE5001949EA /* Controllers */ = {
			isa = PBXGroup;
			children = (
				7F15D6FF245A1AE5001949EA /* Constants.swift */,
				7F15D700245A1AE5001949EA /* Cell */,
			);
			path = Controllers;
			sourceTree = "<group>";
		};
		7F15D700245A1AE5001949EA /* Cell */ = {
			isa = PBXGroup;
			children = (
				7F15D701245A1AE5001949EA /* MyCollectionViewCell.swift */,
			);
			path = Cell;
			sourceTree = "<group>";
		};
		7F15D702245A1AE5001949EA /* Base.lproj */ = {
			isa = PBXGroup;
			children = (
				7F15D703245A1AE5001949EA /* MainInterface.storyboard */,
			);
			path = Base.lproj;
			sourceTree = "<group>";
		};
		C3914BE8B17F97B25A298E2F /* Pods */ = {
			isa = PBXGroup;
			children = (
				0343762496202A29EA8411ED /* Pods-Coronation.debug.xcconfig */,
				B704DB11BD1131A9DB9B9661 /* Pods-Coronation.release.xcconfig */,
				4D10F5F74AE28CA0B81614F9 /* Pods-Coronation Messages.debug.xcconfig */,
				F24FD0EFD8734F0591032372 /* Pods-Coronation Messages.release.xcconfig */,
			);
			path = Pods;
			sourceTree = "<group>";
		};
/* End PBXGroup section */

/* Begin PBXNativeTarget section */
		7F15D6B5245A1A98001949EA /* Coronation */ = {
			isa = PBXNativeTarget;
			buildConfigurationList = 7F15D6D6245A1A9C001949EA /* Build configuration list for PBXNativeTarget "Coronation" */;
			buildPhases = (
				17536EC250E82F22747F7768 /* [CP] Check Pods Manifest.lock */,
				7F15D6B4245A1A98001949EA /* Resources */,
				7F15D6D5245A1A9C001949EA /* Embed App Extensions */,
				864220C635DB7357605AFD44 /* Frameworks */,
				2351C256FAA59895E6B2E90B /* [CP] Embed Pods Frameworks */,
			);
			buildRules = (
			);
			dependencies = (
				7F15D6C3245A1A9A001949EA /* PBXTargetDependency */,
			);
			name = Coronation;
			productName = KingKingKing;
			productReference = 7F15D6B6245A1A98001949EA /* Coronation.app */;
			productType = "com.apple.product-type.application.messages";
		};
		7F15D6BF245A1A9A001949EA /* Coronation Messages */ = {
			isa = PBXNativeTarget;
			buildConfigurationList = 7F15D6D2245A1A9C001949EA /* Build configuration list for PBXNativeTarget "Coronation Messages" */;
			buildPhases = (
				A3665C6ADE2BD9F61E9B7C7E /* [CP] Check Pods Manifest.lock */,
				7F15D6BC245A1A9A001949EA /* Sources */,
				7F15D6BD245A1A9A001949EA /* Frameworks */,
				7F15D6BE245A1A9A001949EA /* Resources */,
			);
			buildRules = (
			);
			dependencies = (
			);
			name = "Coronation Messages";
			productName = "KingKingKing MessagesExtension";
			productReference = 7F15D6C0245A1A9A001949EA /* Coronation.appex */;
			productType = "com.apple.product-type.app-extension.messages";
		};
/* End PBXNativeTarget section */

/* Begin PBXProject section */
		7F15D6B0245A1A98001949EA /* Project object */ = {
			isa = PBXProject;
			attributes = {
				LastSwiftUpdateCheck = 1140;
				LastUpgradeCheck = 1140;
				ORGANIZATIONNAME = "Fabricio Oliveira";
				TargetAttributes = {
					7F15D6B5245A1A98001949EA = {
						CreatedOnToolsVersion = 11.4.1;
					};
					7F15D6BF245A1A9A001949EA = {
						CreatedOnToolsVersion = 11.4.1;
						LastSwiftMigration = 1140;
					};
				};
			};
			buildConfigurationList = 7F15D6B3245A1A98001949EA /* Build configuration list for PBXProject "Coronation" */;
			compatibilityVersion = "Xcode 9.3";
			developmentRegion = en;
			hasScannedForEncodings = 0;
			knownRegions = (
				en,
				Base,
			);
			mainGroup = 7F15D6AF245A1A98001949EA;
			productRefGroup = 7F15D6B7245A1A98001949EA /* Products */;
			projectDirPath = "";
			projectRoot = "";
			targets = (
				7F15D6B5245A1A98001949EA /* Coronation */,
				7F15D6BF245A1A9A001949EA /* Coronation Messages */,
			);
		};
/* End PBXProject section */

/* Begin PBXResourcesBuildPhase section */
		7F15D6B4245A1A98001949EA /* Resources */ = {
			isa = PBXResourcesBuildPhase;
			buildActionMask = 2147483647;
			files = (
				7F15D6BA245A1A9A001949EA /* Assets.xcassets in Resources */,
			);
			runOnlyForDeploymentPostprocessing = 0;
		};
		7F15D6BE245A1A9A001949EA /* Resources */ = {
			isa = PBXResourcesBuildPhase;
			buildActionMask = 2147483647;
			files = (
				7F15D718245A1AE5001949EA /* CollectionViewCell.xib in Resources */,
				7F15D725245A1AE5001949EA /* MainInterface.storyboard in Resources */,
				7F15D726245A1AE5001949EA /* Assets.xcassets in Resources */,
				7F15D727245A1AE5001949EA /* Models.scnassets in Resources */,
			);
			runOnlyForDeploymentPostprocessing = 0;
		};
/* End PBXResourcesBuildPhase section */

/* Begin PBXShellScriptBuildPhase section */
		17536EC250E82F22747F7768 /* [CP] Check Pods Manifest.lock */ = {
			isa = PBXShellScriptBuildPhase;
			buildActionMask = 2147483647;
			files = (
			);
			inputFileListPaths = (
			);
			inputPaths = (
				"${PODS_PODFILE_DIR_PATH}/Podfile.lock",
				"${PODS_ROOT}/Manifest.lock",
			);
			name = "[CP] Check Pods Manifest.lock";
			outputFileListPaths = (
			);
			outputPaths = (
				"$(DERIVED_FILE_DIR)/Pods-Coronation-checkManifestLockResult.txt",
			);
			runOnlyForDeploymentPostprocessing = 0;
			shellPath = /bin/sh;
			shellScript = "diff \"${PODS_PODFILE_DIR_PATH}/Podfile.lock\" \"${PODS_ROOT}/Manifest.lock\" > /dev/null\nif [ $? != 0 ] ; then\n    # print error to STDERR\n    echo \"error: The sandbox is not in sync with the Podfile.lock. Run 'pod install' or update your CocoaPods installation.\" >&2\n    exit 1\nfi\n# This output is used by Xcode 'outputs' to avoid re-running this script phase.\necho \"SUCCESS\" > \"${SCRIPT_OUTPUT_FILE_0}\"\n";
			showEnvVarsInLog = 0;
		};
		2351C256FAA59895E6B2E90B /* [CP] Embed Pods Frameworks */ = {
			isa = PBXShellScriptBuildPhase;
			buildActionMask = 2147483647;
			files = (
			);
			inputFileListPaths = (
				"${PODS_ROOT}/Target Support Files/Pods-Coronation/Pods-Coronation-frameworks-${CONFIGURATION}-input-files.xcfilelist",
			);
			name = "[CP] Embed Pods Frameworks";
			outputFileListPaths = (
				"${PODS_ROOT}/Target Support Files/Pods-Coronation/Pods-Coronation-frameworks-${CONFIGURATION}-output-files.xcfilelist",
			);
			runOnlyForDeploymentPostprocessing = 0;
			shellPath = /bin/sh;
			shellScript = "\"${PODS_ROOT}/Target Support Files/Pods-Coronation/Pods-Coronation-frameworks.sh\"\n";
			showEnvVarsInLog = 0;
		};
		A3665C6ADE2BD9F61E9B7C7E /* [CP] Check Pods Manifest.lock */ = {
			isa = PBXShellScriptBuildPhase;
			buildActionMask = 2147483647;
			files = (
			);
			inputFileListPaths = (
			);
			inputPaths = (
				"${PODS_PODFILE_DIR_PATH}/Podfile.lock",
				"${PODS_ROOT}/Manifest.lock",
			);
			name = "[CP] Check Pods Manifest.lock";
			outputFileListPaths = (
			);
			outputPaths = (
				"$(DERIVED_FILE_DIR)/Pods-Coronation Messages-checkManifestLockResult.txt",
			);
			runOnlyForDeploymentPostprocessing = 0;
			shellPath = /bin/sh;
			shellScript = "diff \"${PODS_PODFILE_DIR_PATH}/Podfile.lock\" \"${PODS_ROOT}/Manifest.lock\" > /dev/null\nif [ $? != 0 ] ; then\n    # print error to STDERR\n    echo \"error: The sandbox is not in sync with the Podfile.lock. Run 'pod install' or update your CocoaPods installation.\" >&2\n    exit 1\nfi\n# This output is used by Xcode 'outputs' to avoid re-running this script phase.\necho \"SUCCESS\" > \"${SCRIPT_OUTPUT_FILE_0}\"\n";
			showEnvVarsInLog = 0;
		};
/* End PBXShellScriptBuildPhase section */

/* Begin PBXSourcesBuildPhase section */
		7F15D6BC245A1A9A001949EA /* Sources */ = {
			isa = PBXSourcesBuildPhase;
			buildActionMask = 2147483647;
			files = (
				7F15D713245A1AE5001949EA /* AVPlayerView.swift in Sources */,
				7F15D719245A1AE5001949EA /* CustomOverlayModel.swift in Sources */,
				7F15D724245A1AE5001949EA /* MyCollectionViewCell.swift in Sources */,
				7F15D70C245A1AE5001949EA /* Error.swift in Sources */,
				7F15D714245A1AE5001949EA /* PhotosUtil.swift in Sources */,
				7F15D71F245A1AE5001949EA /* ContentSelectionController.swift in Sources */,
				7F15D711245A1AE5001949EA /* Extensions.swift in Sources */,
				7F15D721245A1AE5001949EA /* MessagesViewController.swift in Sources */,
				7F15D723245A1AE5001949EA /* Constants.swift in Sources */,
				7F15D70D245A1AE5001949EA /* SceneKitVideoRecorder.swift in Sources */,
				7F15D722245A1AE5001949EA /* StatusViewController.swift in Sources */,
				7F15D716245A1AE5001949EA /* UIImage+VideoRender.swift in Sources */,
				7F15D70B245A1AE5001949EA /* FileController.swift in Sources */,
				7F15D71C245A1AE5001949EA /* VirtualContentUpdater.swift in Sources */,
				7F15D70A245A1AE5001949EA /* Options.swift in Sources */,
				7F15D709245A1AE5001949EA /* MessagesViewModel.swift in Sources */,
				7F15D71D245A1AE5001949EA /* CustomModel.swift in Sources */,
				7F15D720245A1AE5001949EA /* UnsupportedDeviceMessageViewController.swift in Sources */,
				7F15D71A245A1AE5001949EA /* VirtualFaceContent.swift in Sources */,
				7F15D717245A1AE5001949EA /* FileUtil.swift in Sources */,
				7F15D70F245A1AE5001949EA /* PickerView.swift in Sources */,
				7F15D71E245A1AE5001949EA /* VirtualContentType.swift in Sources */,
				7F15D715245A1AE5001949EA /* Logger.swift in Sources */,
				7F15D710245A1AE5001949EA /* ModelFactory.swift in Sources */,
				7F15D712245A1AE5001949EA /* Reachability.swift in Sources */,
				7F15D70E245A1AE5001949EA /* PixelBufferFactory.swift in Sources */,
			);
			runOnlyForDeploymentPostprocessing = 0;
		};
/* End PBXSourcesBuildPhase section */

/* Begin PBXTargetDependency section */
		7F15D6C3245A1A9A001949EA /* PBXTargetDependency */ = {
			isa = PBXTargetDependency;
			target = 7F15D6BF245A1A9A001949EA /* Coronation Messages */;
			targetProxy = 7F15D6C2245A1A9A001949EA /* PBXContainerItemProxy */;
		};
/* End PBXTargetDependency section */

/* Begin PBXVariantGroup section */
		7F15D6EF245A1AE4001949EA /* CollectionViewCell.xib */ = {
			isa = PBXVariantGroup;
			children = (
				7F15D6F0245A1AE4001949EA /* Base */,
			);
			name = CollectionViewCell.xib;
			sourceTree = "<group>";
		};
		7F15D703245A1AE5001949EA /* MainInterface.storyboard */ = {
			isa = PBXVariantGroup;
			children = (
				7F15D704245A1AE5001949EA /* Base */,
			);
			name = MainInterface.storyboard;
			sourceTree = "<group>";
		};
/* End PBXVariantGroup section */

/* Begin XCBuildConfiguration section */
		7F15D6D0245A1A9C001949EA /* Debug */ = {
			isa = XCBuildConfiguration;
			buildSettings = {
				ALWAYS_SEARCH_USER_PATHS = NO;
				CLANG_ANALYZER_NONNULL = YES;
				CLANG_ANALYZER_NUMBER_OBJECT_CONVERSION = YES_AGGRESSIVE;
				CLANG_CXX_LANGUAGE_STANDARD = "gnu++14";
				CLANG_CXX_LIBRARY = "libc++";
				CLANG_ENABLE_MODULES = YES;
				CLANG_ENABLE_OBJC_ARC = YES;
				CLANG_ENABLE_OBJC_WEAK = YES;
				CLANG_WARN_BLOCK_CAPTURE_AUTORELEASING = YES;
				CLANG_WARN_BOOL_CONVERSION = YES;
				CLANG_WARN_COMMA = YES;
				CLANG_WARN_CONSTANT_CONVERSION = YES;
				CLANG_WARN_DEPRECATED_OBJC_IMPLEMENTATIONS = YES;
				CLANG_WARN_DIRECT_OBJC_ISA_USAGE = YES_ERROR;
				CLANG_WARN_DOCUMENTATION_COMMENTS = YES;
				CLANG_WARN_EMPTY_BODY = YES;
				CLANG_WARN_ENUM_CONVERSION = YES;
				CLANG_WARN_INFINITE_RECURSION = YES;
				CLANG_WARN_INT_CONVERSION = YES;
				CLANG_WARN_NON_LITERAL_NULL_CONVERSION = YES;
				CLANG_WARN_OBJC_IMPLICIT_RETAIN_SELF = YES;
				CLANG_WARN_OBJC_LITERAL_CONVERSION = YES;
				CLANG_WARN_OBJC_ROOT_CLASS = YES_ERROR;
				CLANG_WARN_RANGE_LOOP_ANALYSIS = YES;
				CLANG_WARN_STRICT_PROTOTYPES = YES;
				CLANG_WARN_SUSPICIOUS_MOVE = YES;
				CLANG_WARN_UNGUARDED_AVAILABILITY = YES_AGGRESSIVE;
				CLANG_WARN_UNREACHABLE_CODE = YES;
				CLANG_WARN__DUPLICATE_METHOD_MATCH = YES;
				COPY_PHASE_STRIP = NO;
				DEBUG_INFORMATION_FORMAT = dwarf;
				ENABLE_STRICT_OBJC_MSGSEND = YES;
				ENABLE_TESTABILITY = YES;
				GCC_C_LANGUAGE_STANDARD = gnu11;
				GCC_DYNAMIC_NO_PIC = NO;
				GCC_NO_COMMON_BLOCKS = YES;
				GCC_OPTIMIZATION_LEVEL = 0;
				GCC_PREPROCESSOR_DEFINITIONS = (
					"DEBUG=1",
					"$(inherited)",
				);
				GCC_WARN_64_TO_32_BIT_CONVERSION = YES;
				GCC_WARN_ABOUT_RETURN_TYPE = YES_ERROR;
				GCC_WARN_UNDECLARED_SELECTOR = YES;
				GCC_WARN_UNINITIALIZED_AUTOS = YES_AGGRESSIVE;
				GCC_WARN_UNUSED_FUNCTION = YES;
				GCC_WARN_UNUSED_VARIABLE = YES;
				IPHONEOS_DEPLOYMENT_TARGET = 13.0;
				MTL_ENABLE_DEBUG_INFO = INCLUDE_SOURCE;
				MTL_FAST_MATH = YES;
				ONLY_ACTIVE_ARCH = YES;
				SDKROOT = iphoneos;
				SWIFT_ACTIVE_COMPILATION_CONDITIONS = DEBUG;
				SWIFT_OPTIMIZATION_LEVEL = "-Onone";
				SWIFT_VERSION = 5.0;
			};
			name = Debug;
		};
		7F15D6D1245A1A9C001949EA /* Release */ = {
			isa = XCBuildConfiguration;
			buildSettings = {
				ALWAYS_SEARCH_USER_PATHS = NO;
				CLANG_ANALYZER_NONNULL = YES;
				CLANG_ANALYZER_NUMBER_OBJECT_CONVERSION = YES_AGGRESSIVE;
				CLANG_CXX_LANGUAGE_STANDARD = "gnu++14";
				CLANG_CXX_LIBRARY = "libc++";
				CLANG_ENABLE_MODULES = YES;
				CLANG_ENABLE_OBJC_ARC = YES;
				CLANG_ENABLE_OBJC_WEAK = YES;
				CLANG_WARN_BLOCK_CAPTURE_AUTORELEASING = YES;
				CLANG_WARN_BOOL_CONVERSION = YES;
				CLANG_WARN_COMMA = YES;
				CLANG_WARN_CONSTANT_CONVERSION = YES;
				CLANG_WARN_DEPRECATED_OBJC_IMPLEMENTATIONS = YES;
				CLANG_WARN_DIRECT_OBJC_ISA_USAGE = YES_ERROR;
				CLANG_WARN_DOCUMENTATION_COMMENTS = YES;
				CLANG_WARN_EMPTY_BODY = YES;
				CLANG_WARN_ENUM_CONVERSION = YES;
				CLANG_WARN_INFINITE_RECURSION = YES;
				CLANG_WARN_INT_CONVERSION = YES;
				CLANG_WARN_NON_LITERAL_NULL_CONVERSION = YES;
				CLANG_WARN_OBJC_IMPLICIT_RETAIN_SELF = YES;
				CLANG_WARN_OBJC_LITERAL_CONVERSION = YES;
				CLANG_WARN_OBJC_ROOT_CLASS = YES_ERROR;
				CLANG_WARN_RANGE_LOOP_ANALYSIS = YES;
				CLANG_WARN_STRICT_PROTOTYPES = YES;
				CLANG_WARN_SUSPICIOUS_MOVE = YES;
				CLANG_WARN_UNGUARDED_AVAILABILITY = YES_AGGRESSIVE;
				CLANG_WARN_UNREACHABLE_CODE = YES;
				CLANG_WARN__DUPLICATE_METHOD_MATCH = YES;
				COPY_PHASE_STRIP = NO;
				DEBUG_INFORMATION_FORMAT = "dwarf-with-dsym";
				ENABLE_NS_ASSERTIONS = NO;
				ENABLE_STRICT_OBJC_MSGSEND = YES;
				GCC_C_LANGUAGE_STANDARD = gnu11;
				GCC_NO_COMMON_BLOCKS = YES;
				GCC_WARN_64_TO_32_BIT_CONVERSION = YES;
				GCC_WARN_ABOUT_RETURN_TYPE = YES_ERROR;
				GCC_WARN_UNDECLARED_SELECTOR = YES;
				GCC_WARN_UNINITIALIZED_AUTOS = YES_AGGRESSIVE;
				GCC_WARN_UNUSED_FUNCTION = YES;
				GCC_WARN_UNUSED_VARIABLE = YES;
				IPHONEOS_DEPLOYMENT_TARGET = 13.0;
				MTL_ENABLE_DEBUG_INFO = NO;
				MTL_FAST_MATH = YES;
				SDKROOT = iphoneos;
				SWIFT_COMPILATION_MODE = wholemodule;
				SWIFT_OPTIMIZATION_LEVEL = "-O";
				SWIFT_VERSION = 5.0;
				VALIDATE_PRODUCT = YES;
			};
			name = Release;
		};
		7F15D6D3245A1A9C001949EA /* Debug */ = {
			isa = XCBuildConfiguration;
			baseConfigurationReference = 4D10F5F74AE28CA0B81614F9 /* Pods-Coronation Messages.debug.xcconfig */;
			buildSettings = {
				ASSETCATALOG_COMPILER_APPICON_NAME = "Messages Icon";
				CLANG_ENABLE_MODULES = YES;
				CODE_SIGN_STYLE = Automatic;
				CURRENT_PROJECT_VERSION = 8;
				DEVELOPMENT_TEAM = 5449Z7Q6R2;
				INFOPLIST_FILE = "$(SRCROOT)/Coronation Messages/Info.plist";
				IPHONEOS_DEPLOYMENT_TARGET = 13.0;
				LD_RUNPATH_SEARCH_PATHS = (
					"$(inherited)",
					"@executable_path/Frameworks",
					"@executable_path/../../Frameworks",
				);
				PRODUCT_BUNDLE_IDENTIFIER = kingkingking.coronation.MessagesExtension;
				PRODUCT_NAME = Coronation;
				SKIP_INSTALL = YES;
				SWIFT_OBJC_BRIDGING_HEADER = "";
				SWIFT_OPTIMIZATION_LEVEL = "-Onone";
				SWIFT_VERSION = 5.0;
				TARGETED_DEVICE_FAMILY = 1;
			};
			name = Debug;
		};
		7F15D6D4245A1A9C001949EA /* Release */ = {
			isa = XCBuildConfiguration;
			baseConfigurationReference = F24FD0EFD8734F0591032372 /* Pods-Coronation Messages.release.xcconfig */;
			buildSettings = {
				ASSETCATALOG_COMPILER_APPICON_NAME = "Messages Icon";
				CLANG_ENABLE_MODULES = YES;
				CODE_SIGN_STYLE = Automatic;
				CURRENT_PROJECT_VERSION = 8;
				DEVELOPMENT_TEAM = 5449Z7Q6R2;
				INFOPLIST_FILE = "$(SRCROOT)/Coronation Messages/Info.plist";
				IPHONEOS_DEPLOYMENT_TARGET = 13.0;
				LD_RUNPATH_SEARCH_PATHS = (
					"$(inherited)",
					"@executable_path/Frameworks",
					"@executable_path/../../Frameworks",
				);
				PRODUCT_BUNDLE_IDENTIFIER = kingkingking.coronation.MessagesExtension;
				PRODUCT_NAME = Coronation;
				SKIP_INSTALL = YES;
				SWIFT_OBJC_BRIDGING_HEADER = "";
				SWIFT_VERSION = 5.0;
				TARGETED_DEVICE_FAMILY = 1;
			};
			name = Release;
		};
		7F15D6D7245A1A9C001949EA /* Debug */ = {
			isa = XCBuildConfiguration;
			baseConfigurationReference = 0343762496202A29EA8411ED /* Pods-Coronation.debug.xcconfig */;
			buildSettings = {
				ALWAYS_EMBED_SWIFT_STANDARD_LIBRARIES = YES;
				ASSETCATALOG_COMPILER_APPICON_NAME = AppIcon;
				CODE_SIGN_STYLE = Automatic;
				CURRENT_PROJECT_VERSION = 8;
				DEVELOPMENT_TEAM = 5449Z7Q6R2;
				INFOPLIST_FILE = "$(SRCROOT)/Coronation/Info.plist";
				IPHONEOS_DEPLOYMENT_TARGET = 13.0;
				PRODUCT_BUNDLE_IDENTIFIER = kingkingking.coronation;
				PRODUCT_NAME = "$(TARGET_NAME)";
				SWIFT_VERSION = 5.0;
				TARGETED_DEVICE_FAMILY = "1,2";
			};
			name = Debug;
		};
		7F15D6D8245A1A9C001949EA /* Release */ = {
			isa = XCBuildConfiguration;
			baseConfigurationReference = B704DB11BD1131A9DB9B9661 /* Pods-Coronation.release.xcconfig */;
			buildSettings = {
				ALWAYS_EMBED_SWIFT_STANDARD_LIBRARIES = YES;
				ASSETCATALOG_COMPILER_APPICON_NAME = AppIcon;
				CODE_SIGN_STYLE = Automatic;
				CURRENT_PROJECT_VERSION = 8;
				DEVELOPMENT_TEAM = 5449Z7Q6R2;
				INFOPLIST_FILE = "$(SRCROOT)/Coronation/Info.plist";
				IPHONEOS_DEPLOYMENT_TARGET = 13.0;
				PRODUCT_BUNDLE_IDENTIFIER = kingkingking.coronation;
				PRODUCT_NAME = "$(TARGET_NAME)";
				SWIFT_VERSION = 5.0;
				TARGETED_DEVICE_FAMILY = "1,2";
			};
			name = Release;
		};
/* End XCBuildConfiguration section */

/* Begin XCConfigurationList section */
		7F15D6B3245A1A98001949EA /* Build configuration list for PBXProject "Coronation" */ = {
			isa = XCConfigurationList;
			buildConfigurations = (
				7F15D6D0245A1A9C001949EA /* Debug */,
				7F15D6D1245A1A9C001949EA /* Release */,
			);
			defaultConfigurationIsVisible = 0;
			defaultConfigurationName = Release;
		};
		7F15D6D2245A1A9C001949EA /* Build configuration list for PBXNativeTarget "Coronation Messages" */ = {
			isa = XCConfigurationList;
			buildConfigurations = (
				7F15D6D3245A1A9C001949EA /* Debug */,
				7F15D6D4245A1A9C001949EA /* Release */,
			);
			defaultConfigurationIsVisible = 0;
			defaultConfigurationName = Release;
		};
		7F15D6D6245A1A9C001949EA /* Build configuration list for PBXNativeTarget "Coronation" */ = {
			isa = XCConfigurationList;
			buildConfigurations = (
				7F15D6D7245A1A9C001949EA /* Debug */,
				7F15D6D8245A1A9C001949EA /* Release */,
			);
			defaultConfigurationIsVisible = 0;
			defaultConfigurationName = Release;
		};
/* End XCConfigurationList section */
	};
	rootObject = 7F15D6B0245A1A98001949EA /* Project object */;
}
